
Microsoft Visual Studio Solution File, Format Version 12.00
# Visual Studio Version 17
VisualStudioVersion = 17.14.36518.9
MinimumVisualStudioVersion = 10.0.40219.1
Project("{FAE04EC0-301F-11D3-BF4B-00C04F79EFBC}") = "SpaceShooter", "SpaceShooter\SpaceShooter.csproj", "{6709381F-BB19-432F-9348-4E181C83C683}"
EndProject
Project("{FAE04EC0-301F-11D3-BF4B-00C04F79EFBC}") = "SpaceShooterServer", "SpaceShooterServer\SpaceShooterServer.csproj", "{4A7FCBE9-FA94-47B9-9559-D456AC8F7939}"
EndProject
Project("{FAE04EC0-301F-11D3-BF4B-00C04F79EFBC}") = "SpaceShooterShared", "SpaceShooterShared\SpaceShooterShared.csproj", "{F067EF07-FE72-44B2-B2D6-40533E37F72D}"
EndProject
Global
	GlobalSection(SolutionConfigurationPlatforms) = preSolution
		Debug|Any CPU = Debug|Any CPU
		Release|Any CPU = Release|Any CPU
	EndGlobalSection
	GlobalSection(ProjectConfigurationPlatforms) = postSolution
		{6709381F-BB19-432F-9348-4E181C83C683}.Debug|Any CPU.ActiveCfg = Debug|Any CPU
		{6709381F-BB19-432F-9348-4E181C83C683}.Debug|Any CPU.Build.0 = Debug|Any CPU
		{6709381F-BB19-432F-9348-4E181C83C683}.Release|Any CPU.ActiveCfg = Release|Any CPU
		{6709381F-BB19-432F-9348-4E181C83C683}.Release|Any CPU.Build.0 = Release|Any CPU
		{4A7FCBE9-FA94-47B9-9559-D456AC8F7939}.Debug|Any CPU.ActiveCfg = Debug|Any CPU
		{4A7FCBE9-FA94-47B9-9559-D456AC8F7939}.Debug|Any CPU.Build.0 = Debug|Any CPU
		{4A7FCBE9-FA94-47B9-9559-D456AC8F7939}.Release|Any CPU.ActiveCfg = Release|Any CPU
		{4A7FCBE9-FA94-47B9-9559-D456AC8F7939}.Release|Any CPU.Build.0 = Release|Any CPU
		{F067EF07-FE72-44B2-B2D6-40533E37F72D}.Debug|Any CPU.ActiveCfg = Debug|Any CPU
		{F067EF07-FE72-44B2-B2D6-40533E37F72D}.Debug|Any CPU.Build.0 = Debug|Any CPU
		{F067EF07-FE72-44B2-B2D6-40533E37F72D}.Release|Any CPU.ActiveCfg = Release|Any CPU
		{F067EF07-FE72-44B2-B2D6-40533E37F72D}.Release|Any CPU.Build.0 = Release|Any CPU
	EndGlobalSection
	GlobalSection(SolutionProperties) = preSolution
		HideSolutionNode = FALSE
	EndGlobalSection
	GlobalSection(ExtensibilityGlobals) = postSolution
		SolutionGuid = {7BC30E04-0C4B-48AD-BCEA-94D3E19653A8}
	EndGlobalSection
EndGlobal
