
Microsoft Visual Studio Solution File, Format Version 12.00
# Visual Studio Version 17
VisualStudioVersion = 17.14.36511.14 d17.14
MinimumVisualStudioVersion = 10.0.40219.1
Project("{FAE04EC0-301F-11D3-BF4B-00C04F79EFBC}") = "1 Pong Game Moo ICT", "1 Pong Game Moo ICT\1 Pong Game Moo ICT.csproj", "{4192E556-B8B2-4044-94DB-6E480010F2BE}"
EndProject
Global
	GlobalSection(SolutionConfigurationPlatforms) = preSolution
		Debug|Any CPU = Debug|Any CPU
		Release|Any CPU = Release|Any CPU
	EndGlobalSection
	GlobalSection(ProjectConfigurationPlatforms) = postSolution
		{4192E556-B8B2-4044-94DB-6E480010F2BE}.Debug|Any CPU.ActiveCfg = Debug|Any CPU
		{4192E556-B8B2-4044-94DB-6E480010F2BE}.Debug|Any CPU.Build.0 = Debug|Any CPU
		{4192E556-B8B2-4044-94DB-6E480010F2BE}.Release|Any CPU.ActiveCfg = Release|Any CPU
		{4192E556-B8B2-4044-94DB-6E480010F2BE}.Release|Any CPU.Build.0 = Release|Any CPU
	EndGlobalSection
	GlobalSection(SolutionProperties) = preSolution
		HideSolutionNode = FALSE
	EndGlobalSection
	GlobalSection(ExtensibilityGlobals) = postSolution
		SolutionGuid = {4933F3A4-1DE7-43B9-9B35-ECD523B9F943}
	EndGlobalSection
EndGlobal
