
Microsoft Visual Studio Solution File, Format Version 12.00
# Visual Studio Version 17
VisualStudioVersion = 17.14.36511.14 d17.14
MinimumVisualStudioVersion = 10.0.40219.1
Project("{FAE04EC0-301F-11D3-BF4B-00C04F79EFBC}") = "game1", "game1\game1.csproj", "{AB62B29B-5A5A-4AC8-86EE-BE3856116399}"
EndProject
Global
	GlobalSection(SolutionConfigurationPlatforms) = preSolution
		Debug|Any CPU = Debug|Any CPU
		Release|Any CPU = Release|Any CPU
	EndGlobalSection
	GlobalSection(ProjectConfigurationPlatforms) = postSolution
		{AB62B29B-5A5A-4AC8-86EE-BE3856116399}.Debug|Any CPU.ActiveCfg = Debug|Any CPU
		{AB62B29B-5A5A-4AC8-86EE-BE3856116399}.Debug|Any CPU.Build.0 = Debug|Any CPU
		{AB62B29B-5A5A-4AC8-86EE-BE3856116399}.Release|Any CPU.ActiveCfg = Release|Any CPU
		{AB62B29B-5A5A-4AC8-86EE-BE3856116399}.Release|Any CPU.Build.0 = Release|Any CPU
	EndGlobalSection
	GlobalSection(SolutionProperties) = preSolution
		HideSolutionNode = FALSE
	EndGlobalSection
	GlobalSection(ExtensibilityGlobals) = postSolution
		SolutionGuid = {88EE33A4-8E18-423D-8962-27C32CAC3D7E}
	EndGlobalSection
EndGlobal
